
Microsoft Visual Studio Solution File, Format Version 12.00
# Visual Studio Version 16
VisualStudioVersion = 16.0.30611.23
MinimumVisualStudioVersion = 10.0.40219.1
Project("{FAE04EC0-301F-11D3-BF4B-00C04F79EFBC}") = "Xamarin Example.Android", "Xamarin Example\Xamarin Example.Android\Xamarin Example.Android.csproj", "{5CC59153-4768-49E0-B5E4-8FE6800FEE31}"
EndProject
Project("{FAE04EC0-301F-11D3-BF4B-00C04F79EFBC}") = "Xamarin Example.iOS", "Xamarin Example\Xamarin Example.iOS\Xamarin Example.iOS.csproj", "{8FC14000-1B6B-48D1-8AB9-7ABEDF322AA6}"
EndProject
Project("{FAE04EC0-301F-11D3-BF4B-00C04F79EFBC}") = "Xamarin Example", "Xamarin Example\Xamarin Example\Xamarin Example.csproj", "{7BFCD960-50CC-4D23-AFAB-7B7D90FD2DA1}"
EndProject
Project("{FAE04EC0-301F-11D3-BF4B-00C04F79EFBC}") = "App1.Android", "App1\App1.Android\App1.Android.csproj", "{91F27B1D-E32D-4675-BAB8-5DF95206D5C3}"
EndProject
Project("{FAE04EC0-301F-11D3-BF4B-00C04F79EFBC}") = "App1.iOS", "App1\App1.iOS\App1.iOS.csproj", "{CCBED4D4-EE4F-48A8-BADD-D0E1220F629D}"
EndProject
Project("{FAE04EC0-301F-11D3-BF4B-00C04F79EFBC}") = "App1", "App1\App1\App1.csproj", "{77145803-5D94-4DF3-983C-D657806A806F}"
EndProject
Global
	GlobalSection(SolutionConfigurationPlatforms) = preSolution
		Debug|Any CPU = Debug|Any CPU
		Debug|ARM = Debug|ARM
		Debug|iPhone = Debug|iPhone
		Debug|iPhoneSimulator = Debug|iPhoneSimulator
		Debug|x64 = Debug|x64
		Debug|x86 = Debug|x86
		Release|Any CPU = Release|Any CPU
		Release|ARM = Release|ARM
		Release|iPhone = Release|iPhone
		Release|iPhoneSimulator = Release|iPhoneSimulator
		Release|x64 = Release|x64
		Release|x86 = Release|x86
	EndGlobalSection
	GlobalSection(ProjectConfigurationPlatforms) = postSolution
		{5CC59153-4768-49E0-B5E4-8FE6800FEE31}.Debug|Any CPU.ActiveCfg = Debug|Any CPU
		{5CC59153-4768-49E0-B5E4-8FE6800FEE31}.Debug|Any CPU.Build.0 = Debug|Any CPU
		{5CC59153-4768-49E0-B5E4-8FE6800FEE31}.Debug|Any CPU.Deploy.0 = Debug|Any CPU
		{5CC59153-4768-49E0-B5E4-8FE6800FEE31}.Debug|ARM.ActiveCfg = Debug|Any CPU
		{5CC59153-4768-49E0-B5E4-8FE6800FEE31}.Debug|ARM.Build.0 = Debug|Any CPU
		{5CC59153-4768-49E0-B5E4-8FE6800FEE31}.Debug|ARM.Deploy.0 = Debug|Any CPU
		{5CC59153-4768-49E0-B5E4-8FE6800FEE31}.Debug|iPhone.ActiveCfg = Debug|Any CPU
		{5CC59153-4768-49E0-B5E4-8FE6800FEE31}.Debug|iPhone.Build.0 = Debug|Any CPU
		{5CC59153-4768-49E0-B5E4-8FE6800FEE31}.Debug|iPhone.Deploy.0 = Debug|Any CPU
		{5CC59153-4768-49E0-B5E4-8FE6800FEE31}.Debug|iPhoneSimulator.ActiveCfg = Debug|Any CPU
		{5CC59153-4768-49E0-B5E4-8FE6800FEE31}.Debug|iPhoneSimulator.Build.0 = Debug|Any CPU
		{5CC59153-4768-49E0-B5E4-8FE6800FEE31}.Debug|iPhoneSimulator.Deploy.0 = Debug|Any CPU
		{5CC59153-4768-49E0-B5E4-8FE6800FEE31}.Debug|x64.ActiveCfg = Debug|Any CPU
		{5CC59153-4768-49E0-B5E4-8FE6800FEE31}.Debug|x64.Build.0 = Debug|Any CPU
		{5CC59153-4768-49E0-B5E4-8FE6800FEE31}.Debug|x64.Deploy.0 = Debug|Any CPU
		{5CC59153-4768-49E0-B5E4-8FE6800FEE31}.Debug|x86.ActiveCfg = Debug|Any CPU
		{5CC59153-4768-49E0-B5E4-8FE6800FEE31}.Debug|x86.Build.0 = Debug|Any CPU
		{5CC59153-4768-49E0-B5E4-8FE6800FEE31}.Debug|x86.Deploy.0 = Debug|Any CPU
		{5CC59153-4768-49E0-B5E4-8FE6800FEE31}.Release|Any CPU.ActiveCfg = Release|Any CPU
		{5CC59153-4768-49E0-B5E4-8FE6800FEE31}.Release|Any CPU.Build.0 = Release|Any CPU
		{5CC59153-4768-49E0-B5E4-8FE6800FEE31}.Release|Any CPU.Deploy.0 = Release|Any CPU
		{5CC59153-4768-49E0-B5E4-8FE6800FEE31}.Release|ARM.ActiveCfg = Release|Any CPU
		{5CC59153-4768-49E0-B5E4-8FE6800FEE31}.Release|ARM.Build.0 = Release|Any CPU
		{5CC59153-4768-49E0-B5E4-8FE6800FEE31}.Release|ARM.Deploy.0 = Release|Any CPU
		{5CC59153-4768-49E0-B5E4-8FE6800FEE31}.Release|iPhone.ActiveCfg = Release|Any CPU
		{5CC59153-4768-49E0-B5E4-8FE6800FEE31}.Release|iPhone.Build.0 = Release|Any CPU
		{5CC59153-4768-49E0-B5E4-8FE6800FEE31}.Release|iPhone.Deploy.0 = Release|Any CPU
		{5CC59153-4768-49E0-B5E4-8FE6800FEE31}.Release|iPhoneSimulator.ActiveCfg = Release|Any CPU
		{5CC59153-4768-49E0-B5E4-8FE6800FEE31}.Release|iPhoneSimulator.Build.0 = Release|Any CPU
		{5CC59153-4768-49E0-B5E4-8FE6800FEE31}.Release|iPhoneSimulator.Deploy.0 = Release|Any CPU
		{5CC59153-4768-49E0-B5E4-8FE6800FEE31}.Release|x64.ActiveCfg = Release|Any CPU
		{5CC59153-4768-49E0-B5E4-8FE6800FEE31}.Release|x64.Build.0 = Release|Any CPU
		{5CC59153-4768-49E0-B5E4-8FE6800FEE31}.Release|x64.Deploy.0 = Release|Any CPU
		{5CC59153-4768-49E0-B5E4-8FE6800FEE31}.Release|x86.ActiveCfg = Release|Any CPU
		{5CC59153-4768-49E0-B5E4-8FE6800FEE31}.Release|x86.Build.0 = Release|Any CPU
		{5CC59153-4768-49E0-B5E4-8FE6800FEE31}.Release|x86.Deploy.0 = Release|Any CPU
		{8FC14000-1B6B-48D1-8AB9-7ABEDF322AA6}.Debug|Any CPU.ActiveCfg = Debug|iPhoneSimulator
		{8FC14000-1B6B-48D1-8AB9-7ABEDF322AA6}.Debug|Any CPU.Build.0 = Debug|iPhoneSimulator
		{8FC14000-1B6B-48D1-8AB9-7ABEDF322AA6}.Debug|Any CPU.Deploy.0 = Debug|iPhoneSimulator
		{8FC14000-1B6B-48D1-8AB9-7ABEDF322AA6}.Debug|ARM.ActiveCfg = Debug|iPhone
		{8FC14000-1B6B-48D1-8AB9-7ABEDF322AA6}.Debug|ARM.Build.0 = Debug|iPhone
		{8FC14000-1B6B-48D1-8AB9-7ABEDF322AA6}.Debug|ARM.Deploy.0 = Debug|iPhone
		{8FC14000-1B6B-48D1-8AB9-7ABEDF322AA6}.Debug|iPhone.ActiveCfg = Debug|iPhone
		{8FC14000-1B6B-48D1-8AB9-7ABEDF322AA6}.Debug|iPhone.Build.0 = Debug|iPhone
		{8FC14000-1B6B-48D1-8AB9-7ABEDF322AA6}.Debug|iPhone.Deploy.0 = Debug|iPhone
		{8FC14000-1B6B-48D1-8AB9-7ABEDF322AA6}.Debug|iPhoneSimulator.ActiveCfg = Debug|iPhoneSimulator
		{8FC14000-1B6B-48D1-8AB9-7ABEDF322AA6}.Debug|iPhoneSimulator.Build.0 = Debug|iPhoneSimulator
		{8FC14000-1B6B-48D1-8AB9-7ABEDF322AA6}.Debug|iPhoneSimulator.Deploy.0 = Debug|iPhoneSimulator
		{8FC14000-1B6B-48D1-8AB9-7ABEDF322AA6}.Debug|x64.ActiveCfg = Debug|iPhoneSimulator
		{8FC14000-1B6B-48D1-8AB9-7ABEDF322AA6}.Debug|x64.Build.0 = Debug|iPhoneSimulator
		{8FC14000-1B6B-48D1-8AB9-7ABEDF322AA6}.Debug|x64.Deploy.0 = Debug|iPhoneSimulator
		{8FC14000-1B6B-48D1-8AB9-7ABEDF322AA6}.Debug|x86.ActiveCfg = Debug|iPhoneSimulator
		{8FC14000-1B6B-48D1-8AB9-7ABEDF322AA6}.Debug|x86.Build.0 = Debug|iPhoneSimulator
		{8FC14000-1B6B-48D1-8AB9-7ABEDF322AA6}.Debug|x86.Deploy.0 = Debug|iPhoneSimulator
		{8FC14000-1B6B-48D1-8AB9-7ABEDF322AA6}.Release|Any CPU.ActiveCfg = Release|iPhoneSimulator
		{8FC14000-1B6B-48D1-8AB9-7ABEDF322AA6}.Release|Any CPU.Build.0 = Release|iPhoneSimulator
		{8FC14000-1B6B-48D1-8AB9-7ABEDF322AA6}.Release|Any CPU.Deploy.0 = Release|iPhoneSimulator
		{8FC14000-1B6B-48D1-8AB9-7ABEDF322AA6}.Release|ARM.ActiveCfg = Release|iPhoneSimulator
		{8FC14000-1B6B-48D1-8AB9-7ABEDF322AA6}.Release|ARM.Build.0 = Release|iPhoneSimulator
		{8FC14000-1B6B-48D1-8AB9-7ABEDF322AA6}.Release|ARM.Deploy.0 = Release|iPhoneSimulator
		{8FC14000-1B6B-48D1-8AB9-7ABEDF322AA6}.Release|iPhone.ActiveCfg = Release|iPhone
		{8FC14000-1B6B-48D1-8AB9-7ABEDF322AA6}.Release|iPhone.Build.0 = Release|iPhone
		{8FC14000-1B6B-48D1-8AB9-7ABEDF322AA6}.Release|iPhone.Deploy.0 = Release|iPhone
		{8FC14000-1B6B-48D1-8AB9-7ABEDF322AA6}.Release|iPhoneSimulator.ActiveCfg = Release|iPhoneSimulator
		{8FC14000-1B6B-48D1-8AB9-7ABEDF322AA6}.Release|iPhoneSimulator.Build.0 = Release|iPhoneSimulator
		{8FC14000-1B6B-48D1-8AB9-7ABEDF322AA6}.Release|iPhoneSimulator.Deploy.0 = Release|iPhoneSimulator
		{8FC14000-1B6B-48D1-8AB9-7ABEDF322AA6}.Release|x64.ActiveCfg = Release|iPhoneSimulator
		{8FC14000-1B6B-48D1-8AB9-7ABEDF322AA6}.Release|x64.Build.0 = Release|iPhoneSimulator
		{8FC14000-1B6B-48D1-8AB9-7ABEDF322AA6}.Release|x64.Deploy.0 = Release|iPhoneSimulator
		{8FC14000-1B6B-48D1-8AB9-7ABEDF322AA6}.Release|x86.ActiveCfg = Release|iPhoneSimulator
		{8FC14000-1B6B-48D1-8AB9-7ABEDF322AA6}.Release|x86.Build.0 = Release|iPhoneSimulator
		{8FC14000-1B6B-48D1-8AB9-7ABEDF322AA6}.Release|x86.Deploy.0 = Release|iPhoneSimulator
		{7BFCD960-50CC-4D23-AFAB-7B7D90FD2DA1}.Debug|Any CPU.ActiveCfg = Debug|Any CPU
		{7BFCD960-50CC-4D23-AFAB-7B7D90FD2DA1}.Debug|Any CPU.Build.0 = Debug|Any CPU
		{7BFCD960-50CC-4D23-AFAB-7B7D90FD2DA1}.Debug|Any CPU.Deploy.0 = Debug|Any CPU
		{7BFCD960-50CC-4D23-AFAB-7B7D90FD2DA1}.Debug|ARM.ActiveCfg = Debug|Any CPU
		{7BFCD960-50CC-4D23-AFAB-7B7D90FD2DA1}.Debug|ARM.Build.0 = Debug|Any CPU
		{7BFCD960-50CC-4D23-AFAB-7B7D90FD2DA1}.Debug|ARM.Deploy.0 = Debug|Any CPU
		{7BFCD960-50CC-4D23-AFAB-7B7D90FD2DA1}.Debug|iPhone.ActiveCfg = Debug|Any CPU
		{7BFCD960-50CC-4D23-AFAB-7B7D90FD2DA1}.Debug|iPhone.Build.0 = Debug|Any CPU
		{7BFCD960-50CC-4D23-AFAB-7B7D90FD2DA1}.Debug|iPhone.Deploy.0 = Debug|Any CPU
		{7BFCD960-50CC-4D23-AFAB-7B7D90FD2DA1}.Debug|iPhoneSimulator.ActiveCfg = Debug|Any CPU
		{7BFCD960-50CC-4D23-AFAB-7B7D90FD2DA1}.Debug|iPhoneSimulator.Build.0 = Debug|Any CPU
		{7BFCD960-50CC-4D23-AFAB-7B7D90FD2DA1}.Debug|iPhoneSimulator.Deploy.0 = Debug|Any CPU
		{7BFCD960-50CC-4D23-AFAB-7B7D90FD2DA1}.Debug|x64.ActiveCfg = Debug|Any CPU
		{7BFCD960-50CC-4D23-AFAB-7B7D90FD2DA1}.Debug|x64.Build.0 = Debug|Any CPU
		{7BFCD960-50CC-4D23-AFAB-7B7D90FD2DA1}.Debug|x64.Deploy.0 = Debug|Any CPU
		{7BFCD960-50CC-4D23-AFAB-7B7D90FD2DA1}.Debug|x86.ActiveCfg = Debug|Any CPU
		{7BFCD960-50CC-4D23-AFAB-7B7D90FD2DA1}.Debug|x86.Build.0 = Debug|Any CPU
		{7BFCD960-50CC-4D23-AFAB-7B7D90FD2DA1}.Debug|x86.Deploy.0 = Debug|Any CPU
		{7BFCD960-50CC-4D23-AFAB-7B7D90FD2DA1}.Release|Any CPU.ActiveCfg = Release|Any CPU
		{7BFCD960-50CC-4D23-AFAB-7B7D90FD2DA1}.Release|Any CPU.Build.0 = Release|Any CPU
		{7BFCD960-50CC-4D23-AFAB-7B7D90FD2DA1}.Release|Any CPU.Deploy.0 = Release|Any CPU
		{7BFCD960-50CC-4D23-AFAB-7B7D90FD2DA1}.Release|ARM.ActiveCfg = Release|Any CPU
		{7BFCD960-50CC-4D23-AFAB-7B7D90FD2DA1}.Release|ARM.Build.0 = Release|Any CPU
		{7BFCD960-50CC-4D23-AFAB-7B7D90FD2DA1}.Release|ARM.Deploy.0 = Release|Any CPU
		{7BFCD960-50CC-4D23-AFAB-7B7D90FD2DA1}.Release|iPhone.ActiveCfg = Release|Any CPU
		{7BFCD960-50CC-4D23-AFAB-7B7D90FD2DA1}.Release|iPhone.Build.0 = Release|Any CPU
		{7BFCD960-50CC-4D23-AFAB-7B7D90FD2DA1}.Release|iPhone.Deploy.0 = Release|Any CPU
		{7BFCD960-50CC-4D23-AFAB-7B7D90FD2DA1}.Release|iPhoneSimulator.ActiveCfg = Release|Any CPU
		{7BFCD960-50CC-4D23-AFAB-7B7D90FD2DA1}.Release|iPhoneSimulator.Build.0 = Release|Any CPU
		{7BFCD960-50CC-4D23-AFAB-7B7D90FD2DA1}.Release|iPhoneSimulator.Deploy.0 = Release|Any CPU
		{7BFCD960-50CC-4D23-AFAB-7B7D90FD2DA1}.Release|x64.ActiveCfg = Release|Any CPU
		{7BFCD960-50CC-4D23-AFAB-7B7D90FD2DA1}.Release|x64.Build.0 = Release|Any CPU
		{7BFCD960-50CC-4D23-AFAB-7B7D90FD2DA1}.Release|x64.Deploy.0 = Release|Any CPU
		{7BFCD960-50CC-4D23-AFAB-7B7D90FD2DA1}.Release|x86.ActiveCfg = Release|Any CPU
		{7BFCD960-50CC-4D23-AFAB-7B7D90FD2DA1}.Release|x86.Build.0 = Release|Any CPU
		{7BFCD960-50CC-4D23-AFAB-7B7D90FD2DA1}.Release|x86.Deploy.0 = Release|Any CPU
		{91F27B1D-E32D-4675-BAB8-5DF95206D5C3}.Debug|Any CPU.ActiveCfg = Debug|Any CPU
		{91F27B1D-E32D-4675-BAB8-5DF95206D5C3}.Debug|Any CPU.Build.0 = Debug|Any CPU
		{91F27B1D-E32D-4675-BAB8-5DF95206D5C3}.Debug|Any CPU.Deploy.0 = Debug|Any CPU
		{91F27B1D-E32D-4675-BAB8-5DF95206D5C3}.Debug|ARM.ActiveCfg = Debug|Any CPU
		{91F27B1D-E32D-4675-BAB8-5DF95206D5C3}.Debug|ARM.Build.0 = Debug|Any CPU
		{91F27B1D-E32D-4675-BAB8-5DF95206D5C3}.Debug|ARM.Deploy.0 = Debug|Any CPU
		{91F27B1D-E32D-4675-BAB8-5DF95206D5C3}.Debug|iPhone.ActiveCfg = Debug|Any CPU
		{91F27B1D-E32D-4675-BAB8-5DF95206D5C3}.Debug|iPhone.Build.0 = Debug|Any CPU
		{91F27B1D-E32D-4675-BAB8-5DF95206D5C3}.Debug|iPhone.Deploy.0 = Debug|Any CPU
		{91F27B1D-E32D-4675-BAB8-5DF95206D5C3}.Debug|iPhoneSimulator.ActiveCfg = Debug|Any CPU
		{91F27B1D-E32D-4675-BAB8-5DF95206D5C3}.Debug|iPhoneSimulator.Build.0 = Debug|Any CPU
		{91F27B1D-E32D-4675-BAB8-5DF95206D5C3}.Debug|iPhoneSimulator.Deploy.0 = Debug|Any CPU
		{91F27B1D-E32D-4675-BAB8-5DF95206D5C3}.Debug|x64.ActiveCfg = Debug|Any CPU
		{91F27B1D-E32D-4675-BAB8-5DF95206D5C3}.Debug|x64.Build.0 = Debug|Any CPU
		{91F27B1D-E32D-4675-BAB8-5DF95206D5C3}.Debug|x64.Deploy.0 = Debug|Any CPU
		{91F27B1D-E32D-4675-BAB8-5DF95206D5C3}.Debug|x86.ActiveCfg = Debug|Any CPU
		{91F27B1D-E32D-4675-BAB8-5DF95206D5C3}.Debug|x86.Build.0 = Debug|Any CPU
		{91F27B1D-E32D-4675-BAB8-5DF95206D5C3}.Debug|x86.Deploy.0 = Debug|Any CPU
		{91F27B1D-E32D-4675-BAB8-5DF95206D5C3}.Release|Any CPU.ActiveCfg = Release|Any CPU
		{91F27B1D-E32D-4675-BAB8-5DF95206D5C3}.Release|Any CPU.Build.0 = Release|Any CPU
		{91F27B1D-E32D-4675-BAB8-5DF95206D5C3}.Release|Any CPU.Deploy.0 = Release|Any CPU
		{91F27B1D-E32D-4675-BAB8-5DF95206D5C3}.Release|ARM.ActiveCfg = Release|Any CPU
		{91F27B1D-E32D-4675-BAB8-5DF95206D5C3}.Release|ARM.Build.0 = Release|Any CPU
		{91F27B1D-E32D-4675-BAB8-5DF95206D5C3}.Release|ARM.Deploy.0 = Release|Any CPU
		{91F27B1D-E32D-4675-BAB8-5DF95206D5C3}.Release|iPhone.ActiveCfg = Release|Any CPU
		{91F27B1D-E32D-4675-BAB8-5DF95206D5C3}.Release|iPhone.Build.0 = Release|Any CPU
		{91F27B1D-E32D-4675-BAB8-5DF95206D5C3}.Release|iPhone.Deploy.0 = Release|Any CPU
		{91F27B1D-E32D-4675-BAB8-5DF95206D5C3}.Release|iPhoneSimulator.ActiveCfg = Release|Any CPU
		{91F27B1D-E32D-4675-BAB8-5DF95206D5C3}.Release|iPhoneSimulator.Build.0 = Release|Any CPU
		{91F27B1D-E32D-4675-BAB8-5DF95206D5C3}.Release|iPhoneSimulator.Deploy.0 = Release|Any CPU
		{91F27B1D-E32D-4675-BAB8-5DF95206D5C3}.Release|x64.ActiveCfg = Release|Any CPU
		{91F27B1D-E32D-4675-BAB8-5DF95206D5C3}.Release|x64.Build.0 = Release|Any CPU
		{91F27B1D-E32D-4675-BAB8-5DF95206D5C3}.Release|x64.Deploy.0 = Release|Any CPU
		{91F27B1D-E32D-4675-BAB8-5DF95206D5C3}.Release|x86.ActiveCfg = Release|Any CPU
		{91F27B1D-E32D-4675-BAB8-5DF95206D5C3}.Release|x86.Build.0 = Release|Any CPU
		{91F27B1D-E32D-4675-BAB8-5DF95206D5C3}.Release|x86.Deploy.0 = Release|Any CPU
		{CCBED4D4-EE4F-48A8-BADD-D0E1220F629D}.Debug|Any CPU.ActiveCfg = Debug|iPhoneSimulator
		{CCBED4D4-EE4F-48A8-BADD-D0E1220F629D}.Debug|ARM.ActiveCfg = Debug|iPhoneSimulator
		{CCBED4D4-EE4F-48A8-BADD-D0E1220F629D}.Debug|iPhone.ActiveCfg = Debug|iPhone
		{CCBED4D4-EE4F-48A8-BADD-D0E1220F629D}.Debug|iPhone.Build.0 = Debug|iPhone
		{CCBED4D4-EE4F-48A8-BADD-D0E1220F629D}.Debug|iPhoneSimulator.ActiveCfg = Debug|iPhoneSimulator
		{CCBED4D4-EE4F-48A8-BADD-D0E1220F629D}.Debug|iPhoneSimulator.Build.0 = Debug|iPhoneSimulator
		{CCBED4D4-EE4F-48A8-BADD-D0E1220F629D}.Debug|x64.ActiveCfg = Debug|iPhoneSimulator
		{CCBED4D4-EE4F-48A8-BADD-D0E1220F629D}.Debug|x86.ActiveCfg = Debug|iPhoneSimulator
		{CCBED4D4-EE4F-48A8-BADD-D0E1220F629D}.Release|Any CPU.ActiveCfg = Release|iPhoneSimulator
		{CCBED4D4-EE4F-48A8-BADD-D0E1220F629D}.Release|ARM.ActiveCfg = Release|iPhoneSimulator
		{CCBED4D4-EE4F-48A8-BADD-D0E1220F629D}.Release|iPhone.ActiveCfg = Release|iPhone
		{CCBED4D4-EE4F-48A8-BADD-D0E1220F629D}.Release|iPhone.Build.0 = Release|iPhone
		{CCBED4D4-EE4F-48A8-BADD-D0E1220F629D}.Release|iPhoneSimulator.ActiveCfg = Release|iPhoneSimulator
		{CCBED4D4-EE4F-48A8-BADD-D0E1220F629D}.Release|iPhoneSimulator.Build.0 = Release|iPhoneSimulator
		{CCBED4D4-EE4F-48A8-BADD-D0E1220F629D}.Release|x64.ActiveCfg = Release|iPhoneSimulator
		{CCBED4D4-EE4F-48A8-BADD-D0E1220F629D}.Release|x86.ActiveCfg = Release|iPhoneSimulator
		{77145803-5D94-4DF3-983C-D657806A806F}.Debug|Any CPU.ActiveCfg = Debug|Any CPU
		{77145803-5D94-4DF3-983C-D657806A806F}.Debug|Any CPU.Build.0 = Debug|Any CPU
		{77145803-5D94-4DF3-983C-D657806A806F}.Debug|ARM.ActiveCfg = Debug|Any CPU
		{77145803-5D94-4DF3-983C-D657806A806F}.Debug|ARM.Build.0 = Debug|Any CPU
		{77145803-5D94-4DF3-983C-D657806A806F}.Debug|iPhone.ActiveCfg = Debug|Any CPU
		{77145803-5D94-4DF3-983C-D657806A806F}.Debug|iPhone.Build.0 = Debug|Any CPU
		{77145803-5D94-4DF3-983C-D657806A806F}.Debug|iPhoneSimulator.ActiveCfg = Debug|Any CPU
		{77145803-5D94-4DF3-983C-D657806A806F}.Debug|iPhoneSimulator.Build.0 = Debug|Any CPU
		{77145803-5D94-4DF3-983C-D657806A806F}.Debug|x64.ActiveCfg = Debug|Any CPU
		{77145803-5D94-4DF3-983C-D657806A806F}.Debug|x64.Build.0 = Debug|Any CPU
		{77145803-5D94-4DF3-983C-D657806A806F}.Debug|x86.ActiveCfg = Debug|Any CPU
		{77145803-5D94-4DF3-983C-D657806A806F}.Debug|x86.Build.0 = Debug|Any CPU
		{77145803-5D94-4DF3-983C-D657806A806F}.Release|Any CPU.ActiveCfg = Release|Any CPU
		{77145803-5D94-4DF3-983C-D657806A806F}.Release|Any CPU.Build.0 = Release|Any CPU
		{77145803-5D94-4DF3-983C-D657806A806F}.Release|ARM.ActiveCfg = Release|Any CPU
		{77145803-5D94-4DF3-983C-D657806A806F}.Release|ARM.Build.0 = Release|Any CPU
		{77145803-5D94-4DF3-983C-D657806A806F}.Release|iPhone.ActiveCfg = Release|Any CPU
		{77145803-5D94-4DF3-983C-D657806A806F}.Release|iPhone.Build.0 = Release|Any CPU
		{77145803-5D94-4DF3-983C-D657806A806F}.Release|iPhoneSimulator.ActiveCfg = Release|Any CPU
		{77145803-5D94-4DF3-983C-D657806A806F}.Release|iPhoneSimulator.Build.0 = Release|Any CPU
		{77145803-5D94-4DF3-983C-D657806A806F}.Release|x64.ActiveCfg = Release|Any CPU
		{77145803-5D94-4DF3-983C-D657806A806F}.Release|x64.Build.0 = Release|Any CPU
		{77145803-5D94-4DF3-983C-D657806A806F}.Release|x86.ActiveCfg = Release|Any CPU
		{77145803-5D94-4DF3-983C-D657806A806F}.Release|x86.Build.0 = Release|Any CPU
	EndGlobalSection
	GlobalSection(SolutionProperties) = preSolution
		HideSolutionNode = FALSE
	EndGlobalSection
	GlobalSection(ExtensibilityGlobals) = postSolution
		SolutionGuid = {D4D9F72B-7F63-4621-84C0-7EC96B86FE36}
	EndGlobalSection
EndGlobal
